
Microsoft Visual Studio Solution File, Format Version 12.00
# Visual Studio Version 16
VisualStudioVersion = 16.0.30804.86
MinimumVisualStudioVersion = 10.0.40219.1
Project("{FAE04EC0-301F-11D3-BF4B-00C04F79EFBC}") = "WindowsFormsApp1", "WindowsFormsApp1\WindowsFormsApp1.csproj", "{FDBF7DD4-1C24-4434-AF70-D863102DD49B}"
EndProject
Global
	GlobalSection(SolutionConfigurationPlatforms) = preSolution
		Debug|Any CPU = Debug|Any CPU
		Release|Any CPU = Release|Any CPU
	EndGlobalSection
	GlobalSection(ProjectConfigurationPlatforms) = postSolution
		{FDBF7DD4-1C24-4434-AF70-D863102DD49B}.Debug|Any CPU.ActiveCfg = Debug|Any CPU
		{FDBF7DD4-1C24-4434-AF70-D863102DD49B}.Debug|Any CPU.Build.0 = Debug|Any CPU
		{FDBF7DD4-1C24-4434-AF70-D863102DD49B}.Release|Any CPU.ActiveCfg = Release|Any CPU
		{FDBF7DD4-1C24-4434-AF70-D863102DD49B}.Release|Any CPU.Build.0 = Release|Any CPU
	EndGlobalSection
	GlobalSection(SolutionProperties) = preSolution
		HideSolutionNode = FALSE
	EndGlobalSection
	GlobalSection(ExtensibilityGlobals) = postSolution
		SolutionGuid = {7849F946-2E54-474C-A502-7F2DFF05CC2D}
	EndGlobalSection
EndGlobal
